
Microsoft Visual Studio Solution File, Format Version 12.00
# Visual Studio Version 17
VisualStudioVersion = 17.1.32210.238
MinimumVisualStudioVersion = 10.0.40219.1
Project("{FAE04EC0-301F-11D3-BF4B-00C04F79EFBC}") = "Atttendance", "Atttendance.csproj", "{39984AEA-A38E-4ECF-BD03-C88646602BDF}"
EndProject
Global
	GlobalSection(SolutionConfigurationPlatforms) = preSolution
		Debug|Any CPU = Debug|Any CPU
		Release|Any CPU = Release|Any CPU
	EndGlobalSection
	GlobalSection(ProjectConfigurationPlatforms) = postSolution
		{39984AEA-A38E-4ECF-BD03-C88646602BDF}.Debug|Any CPU.ActiveCfg = Debug|Any CPU
		{39984AEA-A38E-4ECF-BD03-C88646602BDF}.Debug|Any CPU.Build.0 = Debug|Any CPU
		{39984AEA-A38E-4ECF-BD03-C88646602BDF}.Release|Any CPU.ActiveCfg = Release|Any CPU
		{39984AEA-A38E-4ECF-BD03-C88646602BDF}.Release|Any CPU.Build.0 = Release|Any CPU
	EndGlobalSection
	GlobalSection(SolutionProperties) = preSolution
		HideSolutionNode = FALSE
	EndGlobalSection
	GlobalSection(ExtensibilityGlobals) = postSolution
		SolutionGuid = {15E80B75-091A-4BCD-A1E1-9800AF928627}
	EndGlobalSection
EndGlobal
